
Microsoft Visual Studio Solution File, Format Version 12.00
# Visual Studio 14
VisualStudioVersion = 14.0.25420.1
MinimumVisualStudioVersion = 10.0.40219.1
Project("{FAE04EC0-301F-11D3-BF4B-00C04F79EFBC}") = "ASP", "ASP\ASP.csproj", "{115A2766-DAA1-4594-AF2B-A0054509731D}"
EndProject
Project("{FAE04EC0-301F-11D3-BF4B-00C04F79EFBC}") = "Serie 1 - Aufgabe 1 - Controller", "Serie 1 - Aufgabe 1 - Controller\Serie 1 - Aufgabe 1 - Controller.csproj", "{D4F657B8-093D-453A-AF79-AB635F37C678}"
EndProject
Project("{FAE04EC0-301F-11D3-BF4B-00C04F79EFBC}") = "Serie 1 - Aufgabe 2 - Controller", "Serie 1 - Aufgabe 2 - Controller\Serie 1 - Aufgabe 2 - Controller.csproj", "{070C8FEA-F080-4A0A-B2E1-8F7BCF4CF3B6}"
EndProject
Project("{FAE04EC0-301F-11D3-BF4B-00C04F79EFBC}") = "Serie 1 - Aufgabe 3 - Controller", "Serie 1 - Aufgabe 3 - Controller\Serie 1 - Aufgabe 3 - Controller.csproj", "{D21BC468-9AE5-423D-8FF1-B6E761960961}"
EndProject
Project("{FAE04EC0-301F-11D3-BF4B-00C04F79EFBC}") = "Kap_04 - Models", "Kap_04 - Models\Kap_04 - Models.csproj", "{97869340-EB50-4C84-9073-B12141A50C30}"
EndProject
Project("{FAE04EC0-301F-11D3-BF4B-00C04F79EFBC}") = "Serie 2 - Aufgabe 1", "Serie 2 - Aufgabe 1\Serie 2 - Aufgabe 1.csproj", "{591B4540-275D-466D-8472-D05C08ED34E2}"
EndProject
Project("{FAE04EC0-301F-11D3-BF4B-00C04F79EFBC}") = "Serie 2 - Aufgabe 2", "Serie 2 - Aufgabe 2\Serie 2 - Aufgabe 2.csproj", "{58D11C70-11C4-48D0-9C60-641B2C183CF2}"
EndProject
Project("{FAE04EC0-301F-11D3-BF4B-00C04F79EFBC}") = "MigrationsAutomaticDemo", "MigrationsAutomaticDemo\MigrationsAutomaticDemo.csproj", "{5C271CBC-AFD9-4266-AD02-5817EBD0C85B}"
EndProject
Project("{FAE04EC0-301F-11D3-BF4B-00C04F79EFBC}") = "TestProject1", "TestProject1\TestProject1.csproj", "{33F45776-F6A8-45D6-8DFB-FC73A79478E0}"
EndProject
Project("{FAE04EC0-301F-11D3-BF4B-00C04F79EFBC}") = "Serie 3 - Aufgabe 1", "Serie 3 - Aufgabe 1\Serie 3 - Aufgabe 1.csproj", "{AABE1963-3F52-4DEA-ACC8-A9B74A628C7A}"
EndProject
Project("{FAE04EC0-301F-11D3-BF4B-00C04F79EFBC}") = "Serie 3 - Aufgabe 2", "Serie 3 - Aufgabe 2\Serie 3 - Aufgabe 2.csproj", "{3E940F52-AE37-4C78-8DFD-D6A7C9698C0C}"
EndProject
Project("{FAE04EC0-301F-11D3-BF4B-00C04F79EFBC}") = "MultiSelectBsp1", "MultiSelectBsp1\MultiSelectBsp1.csproj", "{0007EA81-1F73-41ED-9EE8-202E47531297}"
EndProject
Project("{FAE04EC0-301F-11D3-BF4B-00C04F79EFBC}") = "MusicStore", "MusicStore\MusicStore.csproj", "{45E00205-EF16-4E6E-B7AA-AD1D00063873}"
EndProject
Project("{FAE04EC0-301F-11D3-BF4B-00C04F79EFBC}") = "Training1_Diary", "Training1_Diary\Training1_Diary.csproj", "{E18B05DA-DF7E-41A9-B51F-5BFB973C71A4}"
EndProject
Project("{FAE04EC0-301F-11D3-BF4B-00C04F79EFBC}") = "Serie 4 - Aufgabe 1", "Serie 4 - Aufgabe 1\Serie 4 - Aufgabe 1.csproj", "{EA88C828-5C93-4935-B41C-088E0FBB1577}"
EndProject
Project("{FAE04EC0-301F-11D3-BF4B-00C04F79EFBC}") = "OAuthTest", "OAuthTest\OAuthTest.csproj", "{80650FBB-8439-4488-B9E3-FEE003523E88}"
EndProject
Global
	GlobalSection(SolutionConfigurationPlatforms) = preSolution
		Debug|Any CPU = Debug|Any CPU
		Release|Any CPU = Release|Any CPU
	EndGlobalSection
	GlobalSection(ProjectConfigurationPlatforms) = postSolution
		{115A2766-DAA1-4594-AF2B-A0054509731D}.Debug|Any CPU.ActiveCfg = Debug|Any CPU
		{115A2766-DAA1-4594-AF2B-A0054509731D}.Debug|Any CPU.Build.0 = Debug|Any CPU
		{115A2766-DAA1-4594-AF2B-A0054509731D}.Release|Any CPU.ActiveCfg = Release|Any CPU
		{115A2766-DAA1-4594-AF2B-A0054509731D}.Release|Any CPU.Build.0 = Release|Any CPU
		{D4F657B8-093D-453A-AF79-AB635F37C678}.Debug|Any CPU.ActiveCfg = Debug|Any CPU
		{D4F657B8-093D-453A-AF79-AB635F37C678}.Debug|Any CPU.Build.0 = Debug|Any CPU
		{D4F657B8-093D-453A-AF79-AB635F37C678}.Release|Any CPU.ActiveCfg = Release|Any CPU
		{D4F657B8-093D-453A-AF79-AB635F37C678}.Release|Any CPU.Build.0 = Release|Any CPU
		{070C8FEA-F080-4A0A-B2E1-8F7BCF4CF3B6}.Debug|Any CPU.ActiveCfg = Debug|Any CPU
		{070C8FEA-F080-4A0A-B2E1-8F7BCF4CF3B6}.Debug|Any CPU.Build.0 = Debug|Any CPU
		{070C8FEA-F080-4A0A-B2E1-8F7BCF4CF3B6}.Release|Any CPU.ActiveCfg = Release|Any CPU
		{070C8FEA-F080-4A0A-B2E1-8F7BCF4CF3B6}.Release|Any CPU.Build.0 = Release|Any CPU
		{D21BC468-9AE5-423D-8FF1-B6E761960961}.Debug|Any CPU.ActiveCfg = Debug|Any CPU
		{D21BC468-9AE5-423D-8FF1-B6E761960961}.Debug|Any CPU.Build.0 = Debug|Any CPU
		{D21BC468-9AE5-423D-8FF1-B6E761960961}.Release|Any CPU.ActiveCfg = Release|Any CPU
		{D21BC468-9AE5-423D-8FF1-B6E761960961}.Release|Any CPU.Build.0 = Release|Any CPU
		{97869340-EB50-4C84-9073-B12141A50C30}.Debug|Any CPU.ActiveCfg = Debug|Any CPU
		{97869340-EB50-4C84-9073-B12141A50C30}.Debug|Any CPU.Build.0 = Debug|Any CPU
		{97869340-EB50-4C84-9073-B12141A50C30}.Release|Any CPU.ActiveCfg = Release|Any CPU
		{97869340-EB50-4C84-9073-B12141A50C30}.Release|Any CPU.Build.0 = Release|Any CPU
		{591B4540-275D-466D-8472-D05C08ED34E2}.Debug|Any CPU.ActiveCfg = Debug|Any CPU
		{591B4540-275D-466D-8472-D05C08ED34E2}.Debug|Any CPU.Build.0 = Debug|Any CPU
		{591B4540-275D-466D-8472-D05C08ED34E2}.Release|Any CPU.ActiveCfg = Release|Any CPU
		{591B4540-275D-466D-8472-D05C08ED34E2}.Release|Any CPU.Build.0 = Release|Any CPU
		{58D11C70-11C4-48D0-9C60-641B2C183CF2}.Debug|Any CPU.ActiveCfg = Debug|Any CPU
		{58D11C70-11C4-48D0-9C60-641B2C183CF2}.Debug|Any CPU.Build.0 = Debug|Any CPU
		{58D11C70-11C4-48D0-9C60-641B2C183CF2}.Release|Any CPU.ActiveCfg = Release|Any CPU
		{58D11C70-11C4-48D0-9C60-641B2C183CF2}.Release|Any CPU.Build.0 = Release|Any CPU
		{5C271CBC-AFD9-4266-AD02-5817EBD0C85B}.Debug|Any CPU.ActiveCfg = Debug|Any CPU
		{5C271CBC-AFD9-4266-AD02-5817EBD0C85B}.Debug|Any CPU.Build.0 = Debug|Any CPU
		{5C271CBC-AFD9-4266-AD02-5817EBD0C85B}.Release|Any CPU.ActiveCfg = Release|Any CPU
		{5C271CBC-AFD9-4266-AD02-5817EBD0C85B}.Release|Any CPU.Build.0 = Release|Any CPU
		{33F45776-F6A8-45D6-8DFB-FC73A79478E0}.Debug|Any CPU.ActiveCfg = Debug|Any CPU
		{33F45776-F6A8-45D6-8DFB-FC73A79478E0}.Debug|Any CPU.Build.0 = Debug|Any CPU
		{33F45776-F6A8-45D6-8DFB-FC73A79478E0}.Release|Any CPU.ActiveCfg = Release|Any CPU
		{33F45776-F6A8-45D6-8DFB-FC73A79478E0}.Release|Any CPU.Build.0 = Release|Any CPU
		{AABE1963-3F52-4DEA-ACC8-A9B74A628C7A}.Debug|Any CPU.ActiveCfg = Debug|Any CPU
		{AABE1963-3F52-4DEA-ACC8-A9B74A628C7A}.Debug|Any CPU.Build.0 = Debug|Any CPU
		{AABE1963-3F52-4DEA-ACC8-A9B74A628C7A}.Release|Any CPU.ActiveCfg = Release|Any CPU
		{AABE1963-3F52-4DEA-ACC8-A9B74A628C7A}.Release|Any CPU.Build.0 = Release|Any CPU
		{3E940F52-AE37-4C78-8DFD-D6A7C9698C0C}.Debug|Any CPU.ActiveCfg = Debug|Any CPU
		{3E940F52-AE37-4C78-8DFD-D6A7C9698C0C}.Debug|Any CPU.Build.0 = Debug|Any CPU
		{3E940F52-AE37-4C78-8DFD-D6A7C9698C0C}.Release|Any CPU.ActiveCfg = Release|Any CPU
		{3E940F52-AE37-4C78-8DFD-D6A7C9698C0C}.Release|Any CPU.Build.0 = Release|Any CPU
		{0007EA81-1F73-41ED-9EE8-202E47531297}.Debug|Any CPU.ActiveCfg = Debug|Any CPU
		{0007EA81-1F73-41ED-9EE8-202E47531297}.Debug|Any CPU.Build.0 = Debug|Any CPU
		{0007EA81-1F73-41ED-9EE8-202E47531297}.Release|Any CPU.ActiveCfg = Release|Any CPU
		{0007EA81-1F73-41ED-9EE8-202E47531297}.Release|Any CPU.Build.0 = Release|Any CPU
		{45E00205-EF16-4E6E-B7AA-AD1D00063873}.Debug|Any CPU.ActiveCfg = Debug|Any CPU
		{45E00205-EF16-4E6E-B7AA-AD1D00063873}.Debug|Any CPU.Build.0 = Debug|Any CPU
		{45E00205-EF16-4E6E-B7AA-AD1D00063873}.Release|Any CPU.ActiveCfg = Release|Any CPU
		{45E00205-EF16-4E6E-B7AA-AD1D00063873}.Release|Any CPU.Build.0 = Release|Any CPU
		{E18B05DA-DF7E-41A9-B51F-5BFB973C71A4}.Debug|Any CPU.ActiveCfg = Debug|Any CPU
		{E18B05DA-DF7E-41A9-B51F-5BFB973C71A4}.Debug|Any CPU.Build.0 = Debug|Any CPU
		{E18B05DA-DF7E-41A9-B51F-5BFB973C71A4}.Release|Any CPU.ActiveCfg = Release|Any CPU
		{E18B05DA-DF7E-41A9-B51F-5BFB973C71A4}.Release|Any CPU.Build.0 = Release|Any CPU
		{EA88C828-5C93-4935-B41C-088E0FBB1577}.Debug|Any CPU.ActiveCfg = Debug|Any CPU
		{EA88C828-5C93-4935-B41C-088E0FBB1577}.Debug|Any CPU.Build.0 = Debug|Any CPU
		{EA88C828-5C93-4935-B41C-088E0FBB1577}.Release|Any CPU.ActiveCfg = Release|Any CPU
		{EA88C828-5C93-4935-B41C-088E0FBB1577}.Release|Any CPU.Build.0 = Release|Any CPU
		{80650FBB-8439-4488-B9E3-FEE003523E88}.Debug|Any CPU.ActiveCfg = Debug|Any CPU
		{80650FBB-8439-4488-B9E3-FEE003523E88}.Debug|Any CPU.Build.0 = Debug|Any CPU
		{80650FBB-8439-4488-B9E3-FEE003523E88}.Release|Any CPU.ActiveCfg = Release|Any CPU
		{80650FBB-8439-4488-B9E3-FEE003523E88}.Release|Any CPU.Build.0 = Release|Any CPU
	EndGlobalSection
	GlobalSection(SolutionProperties) = preSolution
		HideSolutionNode = FALSE
	EndGlobalSection
EndGlobal
